
Microsoft Visual Studio Solution File, Format Version 12.00
Project("{FAE04EC0-301F-11D3-BF4B-00C04F79EFBC}") = "JobGuard.Api", "JobGuard.Api\JobGuard.Api.csproj", "{F42B5E7E-B57F-47DB-A80B-C29A8CB8B05B}"
EndProject
Global
	GlobalSection(SolutionConfigurationPlatforms) = preSolution
		Debug|Any CPU = Debug|Any CPU
		Release|Any CPU = Release|Any CPU
	EndGlobalSection
	GlobalSection(ProjectConfigurationPlatforms) = postSolution
		{F42B5E7E-B57F-47DB-A80B-C29A8CB8B05B}.Debug|Any CPU.ActiveCfg = Debug|Any CPU
		{F42B5E7E-B57F-47DB-A80B-C29A8CB8B05B}.Debug|Any CPU.Build.0 = Debug|Any CPU
		{F42B5E7E-B57F-47DB-A80B-C29A8CB8B05B}.Release|Any CPU.ActiveCfg = Release|Any CPU
		{F42B5E7E-B57F-47DB-A80B-C29A8CB8B05B}.Release|Any CPU.Build.0 = Release|Any CPU
	EndGlobalSection
EndGlobal
